{
  "nodes": {
    "cachyos-kernel": {
      "flake": false,
      "locked": {
        "lastModified": 1779959490,
        "narHash": "sha256-FS/SbuYuRt5biCp1ja0Se12V2q3Y3p+O+rAdFQvuJT4=",
        "owner": "CachyOS",
        "repo": "linux-cachyos",
        "rev": "1d38a1c83db0cddff4963516eb3f6838981cb6ae",
        "type": "github"
      },
      "original": {
        "owner": "CachyOS",
        "repo": "linux-cachyos",
        "type": "github"
      }
    },
    "cachyos-kernel-patches": {
      "flake": false,
      "locked": {
        "lastModified": 1779996637,
        "narHash": "sha256-DcA59mHfCUfbr7EtH9YJUb3t62TcyXwC/I0QMyUs1bo=",
        "owner": "CachyOS",
        "repo": "kernel-patches",
        "rev": "b87558b7c865628c48c1d6ff5c827b9df40e9281",
        "type": "github"
      },
      "original": {
        "owner": "CachyOS",
        "repo": "kernel-patches",
        "type": "github"
      }
    },
    "catppuccin": {
      "inputs": {
        "nixpkgs": "nixpkgs"
      },
      "locked": {
        "lastModified": 1780143400,
        "narHash": "sha256-jN9RJ4OeuLdCxZ1G0d4zqy0HuHnqODxxgN6pQoYfAH8=",
        "owner": "catppuccin",
        "repo": "nix",
        "rev": "096f4670cf078d810a931fae59b57db4cc3fb4d3",
        "type": "github"
      },
      "original": {
        "owner": "catppuccin",
        "ref": "release-26.05",
        "repo": "nix",
        "type": "github"
      }
    },
    "flake-compat": {
      "flake": false,
      "locked": {
        "lastModified": 1767039857,
        "narHash": "sha256-vNpUSpF5Nuw8xvDLj2KCwwksIbjua2LZCqhV1LNRDns=",
        "owner": "NixOS",
        "repo": "flake-compat",
        "rev": "5edf11c44bc78a0d334f6334cdaf7d60d732daab",
        "type": "github"
      },
      "original": {
        "owner": "NixOS",
        "repo": "flake-compat",
        "type": "github"
      }
    },
    "flake-parts": {
      "inputs": {
        "nixpkgs-lib": "nixpkgs-lib"
      },
      "locked": {
        "lastModified": 1778716662,
        "narHash": "sha256-m1Yf0wZ8j1OHjTc2UwHwyQRSnNeSgLJOd7q5Y45hzi4=",
        "owner": "hercules-ci",
        "repo": "flake-parts",
        "rev": "f7c1a2d347e4c52d5fb8d10cb4d94b5884e546fb",
        "type": "github"
      },
      "original": {
        "owner": "hercules-ci",
        "repo": "flake-parts",
        "type": "github"
      }
    },
    "home-manager": {
      "inputs": {
        "nixpkgs": [
          "nixpkgs"
        ]
      },
      "locked": {
        "lastModified": 1779726825,
        "narHash": "sha256-RUkMrREjKDQrA+dA9+xZviGAxM5W1aVdyOr/bSYpHrE=",
        "owner": "nix-community",
        "repo": "home-manager",
        "rev": "b179bde238977f7d4454fc770b1a727eaf55111c",
        "type": "github"
      },
      "original": {
        "owner": "nix-community",
        "ref": "release-26.05",
        "repo": "home-manager",
        "type": "github"
      }
    },
    "home-manager_2": {
      "inputs": {
        "nixpkgs": [
          "zen-browser",
          "nixpkgs"
        ]
      },
      "locked": {
        "lastModified": 1778805320,
        "narHash": "sha256-nGFJ01m2CTBKD4ABtcY4vLhHrRN91LKr/pn41PcU78A=",
        "owner": "nix-community",
        "repo": "home-manager",
        "rev": "9846abe15e7d0d36b8acbd4d05f2b87461744c92",
        "type": "github"
      },
      "original": {
        "owner": "nix-community",
        "repo": "home-manager",
        "type": "github"
      }
    },
    "luajit-src": {
      "flake": false,
      "locked": {
        "lastModified": 1763177035,
        "narHash": "sha256-oYD86MqmlJpiCuEs4LwVtxvarPtz1RPWm8nJqNE0sBs=",
        "owner": "SteamClientHomebrew",
        "repo": "LuaJIT",
        "rev": "89550023569c3e195e75e12951c067fe5591e0d2",
        "type": "github"
      },
      "original": {
        "owner": "SteamClientHomebrew",
        "ref": "v2.1",
        "repo": "LuaJIT",
        "type": "github"
      }
    },
    "millennium": {
      "inputs": {
        "luajit-src": "luajit-src",
        "millennium-src": "millennium-src",
        "nixpkgs": "nixpkgs_2"
      },
      "locked": {
        "dir": "packages/nix",
        "lastModified": 1780115262,
        "narHash": "sha256-RSCDbfgCTcogPIidejteYzUVM8WzFagyxbLtWmc9sbY=",
        "owner": "SteamClientHomebrew",
        "repo": "Millennium",
        "rev": "1605e6a6ac3bf71b62cc4ef832bf4bdde9549068",
        "type": "github"
      },
      "original": {
        "dir": "packages/nix",
        "owner": "SteamClientHomebrew",
        "ref": "next",
        "repo": "Millennium",
        "type": "github"
      }
    },
    "millennium-src": {
      "flake": false,
      "locked": {
        "lastModified": 1778867291,
        "narHash": "sha256-NAnUiDGX+dHSj6OgmJgTEnNHyL8WkOGxxt3T3NDoI/Q=",
        "owner": "SteamClientHomebrew",
        "repo": "Millennium",
        "rev": "233f417dd99b3ece34d15b75e7cf5fd9d4487f15",
        "type": "github"
      },
      "original": {
        "owner": "SteamClientHomebrew",
        "repo": "Millennium",
        "rev": "233f417dd99b3ece34d15b75e7cf5fd9d4487f15",
        "type": "github"
      }
    },
    "nix-cachyos-kernel": {
      "inputs": {
        "cachyos-kernel": "cachyos-kernel",
        "cachyos-kernel-patches": "cachyos-kernel-patches",
        "flake-compat": "flake-compat",
        "flake-parts": "flake-parts",
        "nixpkgs": "nixpkgs_3"
      },
      "locked": {
        "lastModified": 1780084541,
        "narHash": "sha256-1dfrj9KRVjYdRQV677wHJVqSi1+IseAofINIIpPO+7E=",
        "owner": "xddxdd",
        "repo": "nix-cachyos-kernel",
        "rev": "bc4719a00b3e52764b947cb3c7f15a8b8769432e",
        "type": "github"
      },
      "original": {
        "owner": "xddxdd",
        "ref": "release",
        "repo": "nix-cachyos-kernel",
        "type": "github"
      }
    },
    "nixpkgs": {
      "locked": {
        "lastModified": 1779622335,
        "narHash": "sha256-6lZN0CPBbeK9UVgFQ8EV4t2qSVQPhhlerFBGZRiz73Y=",
        "rev": "705e9929918b43bd7b715dc0a878ac870449bb03",
        "type": "tarball",
        "url": "https://releases.nixos.org/nixos/26.05/nixos-26.05beta1.705e9929918b/nixexprs.tar.xz"
      },
      "original": {
        "type": "tarball",
        "url": "https://channels.nixos.org/nixos-26.05/nixexprs.tar.xz"
      }
    },
    "nixpkgs-lib": {
      "locked": {
        "lastModified": 1777168982,
        "narHash": "sha256-GOkGPcboWE9BmGCRMLX3worL4EMnsnG8MyKmXNeYuhQ=",
        "owner": "nix-community",
        "repo": "nixpkgs.lib",
        "rev": "f5901329dade4a6ea039af1433fb087bd9c1fe14",
        "type": "github"
      },
      "original": {
        "owner": "nix-community",
        "repo": "nixpkgs.lib",
        "type": "github"
      }
    },
    "nixpkgs-unstable": {
      "locked": {
        "lastModified": 1779560665,
        "narHash": "sha256-tpyBcxPpcQb8ukyNF7DoCwfSY3VPsxHoYwj00Cayv5o=",
        "owner": "nixos",
        "repo": "nixpkgs",
        "rev": "64c08a7ca051951c8eae34e3e3cb1e202fe36786",
        "type": "github"
      },
      "original": {
        "owner": "nixos",
        "ref": "nixos-unstable",
        "repo": "nixpkgs",
        "type": "github"
      }
    },
    "nixpkgs_2": {
      "locked": {
        "lastModified": 1770115704,
        "narHash": "sha256-KHFT9UWOF2yRPlAnSXQJh6uVcgNcWlFqqiAZ7OVlHNc=",
        "owner": "nixos",
        "repo": "nixpkgs",
        "rev": "e6eae2ee2110f3d31110d5c222cd395303343b08",
        "type": "github"
      },
      "original": {
        "owner": "nixos",
        "ref": "nixos-unstable",
        "repo": "nixpkgs",
        "type": "github"
      }
    },
    "nixpkgs_3": {
      "locked": {
        "lastModified": 1780011192,
        "narHash": "sha256-luHrZG6I7Mwdt413XoDOYBpp9z1z6X23/5SNktwjM+k=",
        "owner": "NixOS",
        "repo": "nixpkgs",
        "rev": "3242faf14b7611a62ce0f0071619438a08b65c12",
        "type": "github"
      },
      "original": {
        "owner": "NixOS",
        "ref": "nixos-unstable-small",
        "repo": "nixpkgs",
        "type": "github"
      }
    },
    "nixpkgs_4": {
      "locked": {
        "lastModified": 1779971959,
        "narHash": "sha256-R5nauXyqyfRUFiZycFFZdkF7wl6eaUpPLst35+2nJQY=",
        "owner": "nixos",
        "repo": "nixpkgs",
        "rev": "ec942ba042dad5ef097e2ef3a3effc034241f011",
        "type": "github"
      },
      "original": {
        "owner": "nixos",
        "ref": "nixos-26.05",
        "repo": "nixpkgs",
        "type": "github"
      }
    },
    "nixpkgs_5": {
      "locked": {
        "lastModified": 1778443072,
        "narHash": "sha256-zi7/fsqM/kFdNuED//4WOCUtezGtKKqRNORjMvfwjnA=",
        "owner": "nixos",
        "repo": "nixpkgs",
        "rev": "da5ad661ba4e5ef59ba743f0d112cbc30e474f32",
        "type": "github"
      },
      "original": {
        "owner": "nixos",
        "ref": "nixos-unstable",
        "repo": "nixpkgs",
        "type": "github"
      }
    },
    "plasma-manager": {
      "inputs": {
        "home-manager": [
          "home-manager"
        ],
        "nixpkgs": [
          "nixpkgs"
        ]
      },
      "locked": {
        "lastModified": 1775856943,
        "narHash": "sha256-b7Mp7P+q2Md5AGt4rjHfMcBykzMumFTen10ST++AuTU=",
        "owner": "nix-community",
        "repo": "plasma-manager",
        "rev": "a524a6160e6df89f7673ba293cf7d78b559eb1a5",
        "type": "github"
      },
      "original": {
        "owner": "nix-community",
        "repo": "plasma-manager",
        "type": "github"
      }
    },
    "root": {
      "inputs": {
        "catppuccin": "catppuccin",
        "home-manager": "home-manager",
        "millennium": "millennium",
        "nix-cachyos-kernel": "nix-cachyos-kernel",
        "nixpkgs": "nixpkgs_4",
        "nixpkgs-unstable": "nixpkgs-unstable",
        "plasma-manager": "plasma-manager",
        "zen-browser": "zen-browser"
      }
    },
    "zen-browser": {
      "inputs": {
        "home-manager": "home-manager_2",
        "nixpkgs": "nixpkgs_5"
      },
      "locked": {
        "lastModified": 1780123543,
        "narHash": "sha256-vRHmt1N3rPgLJFcSQfHb2c3F7edzVPcyAk6/2QYmO1s=",
        "owner": "0xc000022070",
        "repo": "zen-browser-flake",
        "rev": "7e1dae7aa169ad02f18ca11da247008181b2dc7f",
        "type": "github"
      },
      "original": {
        "owner": "0xc000022070",
        "repo": "zen-browser-flake",
        "type": "github"
      }
    }
  },
  "root": "root",
  "version": 7
}
